
Microsoft Visual Studio Solution File, Format Version 12.00
# Visual Studio Version 16
VisualStudioVersion = 16.0.30320.27
MinimumVisualStudioVersion = 10.0.40219.1
Project("{FAE04EC0-301F-11D3-BF4B-00C04F79EFBC}") = "QuanLyNhanSu", "QuanLyNhanSu\QuanLyNhanSu.csproj", "{913F6B02-E6B8-4AE9-96A1-60F5E1F1AD74}"
EndProject
Global
	GlobalSection(SolutionConfigurationPlatforms) = preSolution
		Debug|Any CPU = Debug|Any CPU
		Release|Any CPU = Release|Any CPU
	EndGlobalSection
	GlobalSection(ProjectConfigurationPlatforms) = postSolution
		{913F6B02-E6B8-4AE9-96A1-60F5E1F1AD74}.Debug|Any CPU.ActiveCfg = Debug|Any CPU
		{913F6B02-E6B8-4AE9-96A1-60F5E1F1AD74}.Debug|Any CPU.Build.0 = Debug|Any CPU
		{913F6B02-E6B8-4AE9-96A1-60F5E1F1AD74}.Release|Any CPU.ActiveCfg = Release|Any CPU
		{913F6B02-E6B8-4AE9-96A1-60F5E1F1AD74}.Release|Any CPU.Build.0 = Release|Any CPU
	EndGlobalSection
	GlobalSection(SolutionProperties) = preSolution
		HideSolutionNode = FALSE
	EndGlobalSection
	GlobalSection(ExtensibilityGlobals) = postSolution
		SolutionGuid = {FDC2CE86-3899-4300-BFE0-0FFA11595C77}
	EndGlobalSection
EndGlobal
